
Microsoft Visual Studio Solution File, Format Version 12.00
# Visual Studio Version 17
VisualStudioVersion = 17.0.31903.59
MinimumVisualStudioVersion = 10.0.40219.1
Project("{FAE04EC0-301F-11D3-BF4B-00C04F79EFBC}") = "Gateway", "Gateway\Gateway.csproj", "{6260EEF7-DA63-45FD-A63E-CCD2981E680B}"
EndProject
Project("{FAE04EC0-301F-11D3-BF4B-00C04F79EFBC}") = "Auth", "Auth\Auth.csproj", "{F6EE3579-E30D-4A5D-A69F-43A5C679DAC4}"
EndProject
Project("{FAE04EC0-301F-11D3-BF4B-00C04F79EFBC}") = "Users", "Users\Users.csproj", "{072477CC-D6E6-44C8-B121-9E196F7EB951}"
EndProject
Project("{FAE04EC0-301F-11D3-BF4B-00C04F79EFBC}") = "Orders", "Orders\Orders.csproj", "{A91489E2-AF8F-4375-BFCA-C2BC7F0EA8CA}"
EndProject
Project("{FAE04EC0-301F-11D3-BF4B-00C04F79EFBC}") = "Attendance", "Attendance\Attendance.csproj", "{53931B88-BAEC-4BF5-87A7-A59D807D5956}"
EndProject
Project("{FAE04EC0-301F-11D3-BF4B-00C04F79EFBC}") = "Grades", "Grades\Grades.csproj", "{1BF08F11-4EEF-4B5B-8E73-7C022A782937}"
EndProject
Project("{FAE04EC0-301F-11D3-BF4B-00C04F79EFBC}") = "Forum", "Forum\Forum.csproj", "{ECD462CA-8488-4978-98B5-FD62F082548D}"
EndProject
Project("{FAE04EC0-301F-11D3-BF4B-00C04F79EFBC}") = "Admin", "Admin\Admin.csproj", "{A8F7374E-EA3D-48C7-9AB9-CDDB8AFF991F}"
EndProject
Global
	GlobalSection(SolutionConfigurationPlatforms) = preSolution
		Debug|Any CPU = Debug|Any CPU
		Debug|x64 = Debug|x64
		Debug|x86 = Debug|x86
		Release|Any CPU = Release|Any CPU
		Release|x64 = Release|x64
		Release|x86 = Release|x86
	EndGlobalSection
	GlobalSection(ProjectConfigurationPlatforms) = postSolution
		{6260EEF7-DA63-45FD-A63E-CCD2981E680B}.Debug|Any CPU.ActiveCfg = Debug|Any CPU
		{6260EEF7-DA63-45FD-A63E-CCD2981E680B}.Debug|Any CPU.Build.0 = Debug|Any CPU
		{6260EEF7-DA63-45FD-A63E-CCD2981E680B}.Debug|x64.ActiveCfg = Debug|Any CPU
		{6260EEF7-DA63-45FD-A63E-CCD2981E680B}.Debug|x64.Build.0 = Debug|Any CPU
		{6260EEF7-DA63-45FD-A63E-CCD2981E680B}.Debug|x86.ActiveCfg = Debug|Any CPU
		{6260EEF7-DA63-45FD-A63E-CCD2981E680B}.Debug|x86.Build.0 = Debug|Any CPU
		{6260EEF7-DA63-45FD-A63E-CCD2981E680B}.Release|Any CPU.ActiveCfg = Release|Any CPU
		{6260EEF7-DA63-45FD-A63E-CCD2981E680B}.Release|Any CPU.Build.0 = Release|Any CPU
		{6260EEF7-DA63-45FD-A63E-CCD2981E680B}.Release|x64.ActiveCfg = Release|Any CPU
		{6260EEF7-DA63-45FD-A63E-CCD2981E680B}.Release|x64.Build.0 = Release|Any CPU
		{6260EEF7-DA63-45FD-A63E-CCD2981E680B}.Release|x86.ActiveCfg = Release|Any CPU
		{6260EEF7-DA63-45FD-A63E-CCD2981E680B}.Release|x86.Build.0 = Release|Any CPU
		{F6EE3579-E30D-4A5D-A69F-43A5C679DAC4}.Debug|Any CPU.ActiveCfg = Debug|Any CPU
		{F6EE3579-E30D-4A5D-A69F-43A5C679DAC4}.Debug|Any CPU.Build.0 = Debug|Any CPU
		{F6EE3579-E30D-4A5D-A69F-43A5C679DAC4}.Debug|x64.ActiveCfg = Debug|Any CPU
		{F6EE3579-E30D-4A5D-A69F-43A5C679DAC4}.Debug|x64.Build.0 = Debug|Any CPU
		{F6EE3579-E30D-4A5D-A69F-43A5C679DAC4}.Debug|x86.ActiveCfg = Debug|Any CPU
		{F6EE3579-E30D-4A5D-A69F-43A5C679DAC4}.Debug|x86.Build.0 = Debug|Any CPU
		{F6EE3579-E30D-4A5D-A69F-43A5C679DAC4}.Release|Any CPU.ActiveCfg = Release|Any CPU
		{F6EE3579-E30D-4A5D-A69F-43A5C679DAC4}.Release|Any CPU.Build.0 = Release|Any CPU
		{F6EE3579-E30D-4A5D-A69F-43A5C679DAC4}.Release|x64.ActiveCfg = Release|Any CPU
		{F6EE3579-E30D-4A5D-A69F-43A5C679DAC4}.Release|x64.Build.0 = Release|Any CPU
		{F6EE3579-E30D-4A5D-A69F-43A5C679DAC4}.Release|x86.ActiveCfg = Release|Any CPU
		{F6EE3579-E30D-4A5D-A69F-43A5C679DAC4}.Release|x86.Build.0 = Release|Any CPU
		{072477CC-D6E6-44C8-B121-9E196F7EB951}.Debug|Any CPU.ActiveCfg = Debug|Any CPU
		{072477CC-D6E6-44C8-B121-9E196F7EB951}.Debug|Any CPU.Build.0 = Debug|Any CPU
		{072477CC-D6E6-44C8-B121-9E196F7EB951}.Debug|x64.ActiveCfg = Debug|Any CPU
		{072477CC-D6E6-44C8-B121-9E196F7EB951}.Debug|x64.Build.0 = Debug|Any CPU
		{072477CC-D6E6-44C8-B121-9E196F7EB951}.Debug|x86.ActiveCfg = Debug|Any CPU
		{072477CC-D6E6-44C8-B121-9E196F7EB951}.Debug|x86.Build.0 = Debug|Any CPU
		{072477CC-D6E6-44C8-B121-9E196F7EB951}.Release|Any CPU.ActiveCfg = Release|Any CPU
		{072477CC-D6E6-44C8-B121-9E196F7EB951}.Release|Any CPU.Build.0 = Release|Any CPU
		{072477CC-D6E6-44C8-B121-9E196F7EB951}.Release|x64.ActiveCfg = Release|Any CPU
		{072477CC-D6E6-44C8-B121-9E196F7EB951}.Release|x64.Build.0 = Release|Any CPU
		{072477CC-D6E6-44C8-B121-9E196F7EB951}.Release|x86.ActiveCfg = Release|Any CPU
		{072477CC-D6E6-44C8-B121-9E196F7EB951}.Release|x86.Build.0 = Release|Any CPU
		{A91489E2-AF8F-4375-BFCA-C2BC7F0EA8CA}.Debug|Any CPU.ActiveCfg = Debug|Any CPU
		{A91489E2-AF8F-4375-BFCA-C2BC7F0EA8CA}.Debug|Any CPU.Build.0 = Debug|Any CPU
		{A91489E2-AF8F-4375-BFCA-C2BC7F0EA8CA}.Debug|x64.ActiveCfg = Debug|Any CPU
		{A91489E2-AF8F-4375-BFCA-C2BC7F0EA8CA}.Debug|x64.Build.0 = Debug|Any CPU
		{A91489E2-AF8F-4375-BFCA-C2BC7F0EA8CA}.Debug|x86.ActiveCfg = Debug|Any CPU
		{A91489E2-AF8F-4375-BFCA-C2BC7F0EA8CA}.Debug|x86.Build.0 = Debug|Any CPU
		{A91489E2-AF8F-4375-BFCA-C2BC7F0EA8CA}.Release|Any CPU.ActiveCfg = Release|Any CPU
		{A91489E2-AF8F-4375-BFCA-C2BC7F0EA8CA}.Release|Any CPU.Build.0 = Release|Any CPU
		{A91489E2-AF8F-4375-BFCA-C2BC7F0EA8CA}.Release|x64.ActiveCfg = Release|Any CPU
		{A91489E2-AF8F-4375-BFCA-C2BC7F0EA8CA}.Release|x64.Build.0 = Release|Any CPU
		{A91489E2-AF8F-4375-BFCA-C2BC7F0EA8CA}.Release|x86.ActiveCfg = Release|Any CPU
		{A91489E2-AF8F-4375-BFCA-C2BC7F0EA8CA}.Release|x86.Build.0 = Release|Any CPU
		{53931B88-BAEC-4BF5-87A7-A59D807D5956}.Debug|Any CPU.ActiveCfg = Debug|Any CPU
		{53931B88-BAEC-4BF5-87A7-A59D807D5956}.Debug|Any CPU.Build.0 = Debug|Any CPU
		{53931B88-BAEC-4BF5-87A7-A59D807D5956}.Debug|x64.ActiveCfg = Debug|Any CPU
		{53931B88-BAEC-4BF5-87A7-A59D807D5956}.Debug|x64.Build.0 = Debug|Any CPU
		{53931B88-BAEC-4BF5-87A7-A59D807D5956}.Debug|x86.ActiveCfg = Debug|Any CPU
		{53931B88-BAEC-4BF5-87A7-A59D807D5956}.Debug|x86.Build.0 = Debug|Any CPU
		{53931B88-BAEC-4BF5-87A7-A59D807D5956}.Release|Any CPU.ActiveCfg = Release|Any CPU
		{53931B88-BAEC-4BF5-87A7-A59D807D5956}.Release|Any CPU.Build.0 = Release|Any CPU
		{53931B88-BAEC-4BF5-87A7-A59D807D5956}.Release|x64.ActiveCfg = Release|Any CPU
		{53931B88-BAEC-4BF5-87A7-A59D807D5956}.Release|x64.Build.0 = Release|Any CPU
		{53931B88-BAEC-4BF5-87A7-A59D807D5956}.Release|x86.ActiveCfg = Release|Any CPU
		{53931B88-BAEC-4BF5-87A7-A59D807D5956}.Release|x86.Build.0 = Release|Any CPU
		{1BF08F11-4EEF-4B5B-8E73-7C022A782937}.Debug|Any CPU.ActiveCfg = Debug|Any CPU
		{1BF08F11-4EEF-4B5B-8E73-7C022A782937}.Debug|Any CPU.Build.0 = Debug|Any CPU
		{1BF08F11-4EEF-4B5B-8E73-7C022A782937}.Debug|x64.ActiveCfg = Debug|Any CPU
		{1BF08F11-4EEF-4B5B-8E73-7C022A782937}.Debug|x64.Build.0 = Debug|Any CPU
		{1BF08F11-4EEF-4B5B-8E73-7C022A782937}.Debug|x86.ActiveCfg = Debug|Any CPU
		{1BF08F11-4EEF-4B5B-8E73-7C022A782937}.Debug|x86.Build.0 = Debug|Any CPU
		{1BF08F11-4EEF-4B5B-8E73-7C022A782937}.Release|Any CPU.ActiveCfg = Release|Any CPU
		{1BF08F11-4EEF-4B5B-8E73-7C022A782937}.Release|Any CPU.Build.0 = Release|Any CPU
		{1BF08F11-4EEF-4B5B-8E73-7C022A782937}.Release|x64.ActiveCfg = Release|Any CPU
		{1BF08F11-4EEF-4B5B-8E73-7C022A782937}.Release|x64.Build.0 = Release|Any CPU
		{1BF08F11-4EEF-4B5B-8E73-7C022A782937}.Release|x86.ActiveCfg = Release|Any CPU
		{1BF08F11-4EEF-4B5B-8E73-7C022A782937}.Release|x86.Build.0 = Release|Any CPU
		{ECD462CA-8488-4978-98B5-FD62F082548D}.Debug|Any CPU.ActiveCfg = Debug|Any CPU
		{ECD462CA-8488-4978-98B5-FD62F082548D}.Debug|Any CPU.Build.0 = Debug|Any CPU
		{ECD462CA-8488-4978-98B5-FD62F082548D}.Debug|x64.ActiveCfg = Debug|Any CPU
		{ECD462CA-8488-4978-98B5-FD62F082548D}.Debug|x64.Build.0 = Debug|Any CPU
		{ECD462CA-8488-4978-98B5-FD62F082548D}.Debug|x86.ActiveCfg = Debug|Any CPU
		{ECD462CA-8488-4978-98B5-FD62F082548D}.Debug|x86.Build.0 = Debug|Any CPU
		{ECD462CA-8488-4978-98B5-FD62F082548D}.Release|Any CPU.ActiveCfg = Release|Any CPU
		{ECD462CA-8488-4978-98B5-FD62F082548D}.Release|Any CPU.Build.0 = Release|Any CPU
		{ECD462CA-8488-4978-98B5-FD62F082548D}.Release|x64.ActiveCfg = Release|Any CPU
		{ECD462CA-8488-4978-98B5-FD62F082548D}.Release|x64.Build.0 = Release|Any CPU
		{ECD462CA-8488-4978-98B5-FD62F082548D}.Release|x86.ActiveCfg = Release|Any CPU
		{ECD462CA-8488-4978-98B5-FD62F082548D}.Release|x86.Build.0 = Release|Any CPU
		{A8F7374E-EA3D-48C7-9AB9-CDDB8AFF991F}.Debug|Any CPU.ActiveCfg = Debug|Any CPU
		{A8F7374E-EA3D-48C7-9AB9-CDDB8AFF991F}.Debug|Any CPU.Build.0 = Debug|Any CPU
		{A8F7374E-EA3D-48C7-9AB9-CDDB8AFF991F}.Debug|x64.ActiveCfg = Debug|Any CPU
		{A8F7374E-EA3D-48C7-9AB9-CDDB8AFF991F}.Debug|x64.Build.0 = Debug|Any CPU
		{A8F7374E-EA3D-48C7-9AB9-CDDB8AFF991F}.Debug|x86.ActiveCfg = Debug|Any CPU
		{A8F7374E-EA3D-48C7-9AB9-CDDB8AFF991F}.Debug|x86.Build.0 = Debug|Any CPU
		{A8F7374E-EA3D-48C7-9AB9-CDDB8AFF991F}.Release|Any CPU.ActiveCfg = Release|Any CPU
		{A8F7374E-EA3D-48C7-9AB9-CDDB8AFF991F}.Release|Any CPU.Build.0 = Release|Any CPU
		{A8F7374E-EA3D-48C7-9AB9-CDDB8AFF991F}.Release|x64.ActiveCfg = Release|Any CPU
		{A8F7374E-EA3D-48C7-9AB9-CDDB8AFF991F}.Release|x64.Build.0 = Release|Any CPU
		{A8F7374E-EA3D-48C7-9AB9-CDDB8AFF991F}.Release|x86.ActiveCfg = Release|Any CPU
		{A8F7374E-EA3D-48C7-9AB9-CDDB8AFF991F}.Release|x86.Build.0 = Release|Any CPU
	EndGlobalSection
	GlobalSection(SolutionProperties) = preSolution
		HideSolutionNode = FALSE
	EndGlobalSection
EndGlobal
